
Microsoft Visual Studio Solution File, Format Version 12.00
# Visual Studio Version 17
VisualStudioVersion = 17.3.32901.215
MinimumVisualStudioVersion = 10.0.40219.1
Project("{FAE04EC0-301F-11D3-BF4B-00C04F79EFBC}") = "Lab_1_1", "Lab_1_1\Lab_1_1.csproj", "{49259BAE-3D8F-45F3-A16D-13EFEE83A8FD}"
EndProject
Global
	GlobalSection(SolutionConfigurationPlatforms) = preSolution
		Debug|Any CPU = Debug|Any CPU
		Release|Any CPU = Release|Any CPU
	EndGlobalSection
	GlobalSection(ProjectConfigurationPlatforms) = postSolution
		{49259BAE-3D8F-45F3-A16D-13EFEE83A8FD}.Debug|Any CPU.ActiveCfg = Debug|Any CPU
		{49259BAE-3D8F-45F3-A16D-13EFEE83A8FD}.Debug|Any CPU.Build.0 = Debug|Any CPU
		{49259BAE-3D8F-45F3-A16D-13EFEE83A8FD}.Release|Any CPU.ActiveCfg = Release|Any CPU
		{49259BAE-3D8F-45F3-A16D-13EFEE83A8FD}.Release|Any CPU.Build.0 = Release|Any CPU
	EndGlobalSection
	GlobalSection(SolutionProperties) = preSolution
		HideSolutionNode = FALSE
	EndGlobalSection
	GlobalSection(ExtensibilityGlobals) = postSolution
		SolutionGuid = {623CB2C8-8ABC-405C-AA52-F01FFB308F6B}
	EndGlobalSection
EndGlobal
